
Microsoft Visual Studio Solution File, Format Version 12.00
# Visual Studio Version 17
VisualStudioVersion = 17.2.32526.322
MinimumVisualStudioVersion = 10.0.40219.1
Project("{FAE04EC0-301F-11D3-BF4B-00C04F79EFBC}") = "ripo using core", "ripo using core\ripo using core.csproj", "{53FFF29E-6273-472B-AAB8-F89F78868790}"
EndProject
Global
	GlobalSection(SolutionConfigurationPlatforms) = preSolution
		Debug|Any CPU = Debug|Any CPU
		Release|Any CPU = Release|Any CPU
	EndGlobalSection
	GlobalSection(ProjectConfigurationPlatforms) = postSolution
		{53FFF29E-6273-472B-AAB8-F89F78868790}.Debug|Any CPU.ActiveCfg = Debug|Any CPU
		{53FFF29E-6273-472B-AAB8-F89F78868790}.Debug|Any CPU.Build.0 = Debug|Any CPU
		{53FFF29E-6273-472B-AAB8-F89F78868790}.Release|Any CPU.ActiveCfg = Release|Any CPU
		{53FFF29E-6273-472B-AAB8-F89F78868790}.Release|Any CPU.Build.0 = Release|Any CPU
	EndGlobalSection
	GlobalSection(SolutionProperties) = preSolution
		HideSolutionNode = FALSE
	EndGlobalSection
	GlobalSection(ExtensibilityGlobals) = postSolution
		SolutionGuid = {966DCFA6-185B-4A43-9A0D-351653B1D1E6}
	EndGlobalSection
EndGlobal
